
Microsoft Visual Studio Solution File, Format Version 12.00
# Visual Studio 15
VisualStudioVersion = 15.0.26124.0
MinimumVisualStudioVersion = 15.0.26124.0
Project("{2150E333-8FDC-42A3-9474-1A3956D46DE8}") = "src", "src", "{F8487D06-4A4F-48DE-864C-DC9B20412017}"
EndProject
Project("{2150E333-8FDC-42A3-9474-1A3956D46DE8}") = "core", "core", "{657258B6-B3AF-410C-AA8D-67F952B979F1}"
EndProject
Project("{FAE04EC0-301F-11D3-BF4B-00C04F79EFBC}") = "RedOnion.Application", "src\core\RedOnion.Application\RedOnion.Application.csproj", "{AFCF14B4-CDB7-4DA3-B81B-3ECB1B91E787}"
EndProject
Project("{FAE04EC0-301F-11D3-BF4B-00C04F79EFBC}") = "RedOnion.Domain", "src\core\RedOnion.Domain\RedOnion.Domain.csproj", "{C9314126-E8A1-4C79-9150-BDF6B9C63E78}"
EndProject
Project("{2150E333-8FDC-42A3-9474-1A3956D46DE8}") = "infrastructure", "infrastructure", "{D3B4C525-9E61-4F4B-93BB-5023EC065C70}"
EndProject
Project("{FAE04EC0-301F-11D3-BF4B-00C04F79EFBC}") = "RedOnion.Deployment", "src\infrastructure\RedOnion.Deployment\RedOnion.Deployment.csproj", "{99C2349B-5A06-4309-824E-53CF3BA76C87}"
EndProject
Project("{FAE04EC0-301F-11D3-BF4B-00C04F79EFBC}") = "RedOnion.Persistence", "src\infrastructure\RedOnion.Persistence\RedOnion.Persistence.csproj", "{62117251-DCC8-4CB3-9B27-43AFBF8C354C}"
EndProject
Project("{2150E333-8FDC-42A3-9474-1A3956D46DE8}") = "presentation", "presentation", "{DC0BEBEF-9AD7-4DF6-860F-11E2141AE2B0}"
EndProject
Project("{FAE04EC0-301F-11D3-BF4B-00C04F79EFBC}") = "RedOnion.Api", "src\presentation\RedOnion.Api\RedOnion.Api.csproj", "{815CEA40-F0F8-4D7C-A556-AD19F9257178}"
EndProject
Project("{2150E333-8FDC-42A3-9474-1A3956D46DE8}") = "tests", "tests", "{9110EC99-D0E1-412F-80C0-7D96ECBA9087}"
EndProject
Project("{FAE04EC0-301F-11D3-BF4B-00C04F79EFBC}") = "RedOnion.Api.Tests", "tests\RedOnion.Api.Tests\RedOnion.Api.Tests.csproj", "{DB2F678C-0E02-4E75-943E-B4B935D8798D}"
EndProject
Project("{FAE04EC0-301F-11D3-BF4B-00C04F79EFBC}") = "RedOnion.Application.Tests", "tests\RedOnion.Application.Tests\RedOnion.Application.Tests.csproj", "{A2F48018-AC4E-4DCC-9119-A2290F13620A}"
EndProject
Project("{FAE04EC0-301F-11D3-BF4B-00C04F79EFBC}") = "RedOnion.Persistence.Tests", "tests\RedOnion.Persistence.Tests\RedOnion.Persistence.Tests.csproj", "{3EF1EDB7-D5D5-4925-879A-CCB88615A02F}"
EndProject
Global
	GlobalSection(SolutionConfigurationPlatforms) = preSolution
		Debug|Any CPU = Debug|Any CPU
		Debug|x64 = Debug|x64
		Debug|x86 = Debug|x86
		Release|Any CPU = Release|Any CPU
		Release|x64 = Release|x64
		Release|x86 = Release|x86
	EndGlobalSection
	GlobalSection(SolutionProperties) = preSolution
		HideSolutionNode = FALSE
	EndGlobalSection
	GlobalSection(ProjectConfigurationPlatforms) = postSolution
		{AFCF14B4-CDB7-4DA3-B81B-3ECB1B91E787}.Debug|Any CPU.ActiveCfg = Debug|Any CPU
		{AFCF14B4-CDB7-4DA3-B81B-3ECB1B91E787}.Debug|Any CPU.Build.0 = Debug|Any CPU
		{AFCF14B4-CDB7-4DA3-B81B-3ECB1B91E787}.Debug|x64.ActiveCfg = Debug|Any CPU
		{AFCF14B4-CDB7-4DA3-B81B-3ECB1B91E787}.Debug|x64.Build.0 = Debug|Any CPU
		{AFCF14B4-CDB7-4DA3-B81B-3ECB1B91E787}.Debug|x86.ActiveCfg = Debug|Any CPU
		{AFCF14B4-CDB7-4DA3-B81B-3ECB1B91E787}.Debug|x86.Build.0 = Debug|Any CPU
		{AFCF14B4-CDB7-4DA3-B81B-3ECB1B91E787}.Release|Any CPU.ActiveCfg = Release|Any CPU
		{AFCF14B4-CDB7-4DA3-B81B-3ECB1B91E787}.Release|Any CPU.Build.0 = Release|Any CPU
		{AFCF14B4-CDB7-4DA3-B81B-3ECB1B91E787}.Release|x64.ActiveCfg = Release|Any CPU
		{AFCF14B4-CDB7-4DA3-B81B-3ECB1B91E787}.Release|x64.Build.0 = Release|Any CPU
		{AFCF14B4-CDB7-4DA3-B81B-3ECB1B91E787}.Release|x86.ActiveCfg = Release|Any CPU
		{AFCF14B4-CDB7-4DA3-B81B-3ECB1B91E787}.Release|x86.Build.0 = Release|Any CPU
		{C9314126-E8A1-4C79-9150-BDF6B9C63E78}.Debug|Any CPU.ActiveCfg = Debug|Any CPU
		{C9314126-E8A1-4C79-9150-BDF6B9C63E78}.Debug|Any CPU.Build.0 = Debug|Any CPU
		{C9314126-E8A1-4C79-9150-BDF6B9C63E78}.Debug|x64.ActiveCfg = Debug|Any CPU
		{C9314126-E8A1-4C79-9150-BDF6B9C63E78}.Debug|x64.Build.0 = Debug|Any CPU
		{C9314126-E8A1-4C79-9150-BDF6B9C63E78}.Debug|x86.ActiveCfg = Debug|Any CPU
		{C9314126-E8A1-4C79-9150-BDF6B9C63E78}.Debug|x86.Build.0 = Debug|Any CPU
		{C9314126-E8A1-4C79-9150-BDF6B9C63E78}.Release|Any CPU.ActiveCfg = Release|Any CPU
		{C9314126-E8A1-4C79-9150-BDF6B9C63E78}.Release|Any CPU.Build.0 = Release|Any CPU
		{C9314126-E8A1-4C79-9150-BDF6B9C63E78}.Release|x64.ActiveCfg = Release|Any CPU
		{C9314126-E8A1-4C79-9150-BDF6B9C63E78}.Release|x64.Build.0 = Release|Any CPU
		{C9314126-E8A1-4C79-9150-BDF6B9C63E78}.Release|x86.ActiveCfg = Release|Any CPU
		{C9314126-E8A1-4C79-9150-BDF6B9C63E78}.Release|x86.Build.0 = Release|Any CPU
		{99C2349B-5A06-4309-824E-53CF3BA76C87}.Debug|Any CPU.ActiveCfg = Debug|Any CPU
		{99C2349B-5A06-4309-824E-53CF3BA76C87}.Debug|Any CPU.Build.0 = Debug|Any CPU
		{99C2349B-5A06-4309-824E-53CF3BA76C87}.Debug|x64.ActiveCfg = Debug|Any CPU
		{99C2349B-5A06-4309-824E-53CF3BA76C87}.Debug|x64.Build.0 = Debug|Any CPU
		{99C2349B-5A06-4309-824E-53CF3BA76C87}.Debug|x86.ActiveCfg = Debug|Any CPU
		{99C2349B-5A06-4309-824E-53CF3BA76C87}.Debug|x86.Build.0 = Debug|Any CPU
		{99C2349B-5A06-4309-824E-53CF3BA76C87}.Release|Any CPU.ActiveCfg = Release|Any CPU
		{99C2349B-5A06-4309-824E-53CF3BA76C87}.Release|Any CPU.Build.0 = Release|Any CPU
		{99C2349B-5A06-4309-824E-53CF3BA76C87}.Release|x64.ActiveCfg = Release|Any CPU
		{99C2349B-5A06-4309-824E-53CF3BA76C87}.Release|x64.Build.0 = Release|Any CPU
		{99C2349B-5A06-4309-824E-53CF3BA76C87}.Release|x86.ActiveCfg = Release|Any CPU
		{99C2349B-5A06-4309-824E-53CF3BA76C87}.Release|x86.Build.0 = Release|Any CPU
		{62117251-DCC8-4CB3-9B27-43AFBF8C354C}.Debug|Any CPU.ActiveCfg = Debug|Any CPU
		{62117251-DCC8-4CB3-9B27-43AFBF8C354C}.Debug|Any CPU.Build.0 = Debug|Any CPU
		{62117251-DCC8-4CB3-9B27-43AFBF8C354C}.Debug|x64.ActiveCfg = Debug|Any CPU
		{62117251-DCC8-4CB3-9B27-43AFBF8C354C}.Debug|x64.Build.0 = Debug|Any CPU
		{62117251-DCC8-4CB3-9B27-43AFBF8C354C}.Debug|x86.ActiveCfg = Debug|Any CPU
		{62117251-DCC8-4CB3-9B27-43AFBF8C354C}.Debug|x86.Build.0 = Debug|Any CPU
		{62117251-DCC8-4CB3-9B27-43AFBF8C354C}.Release|Any CPU.ActiveCfg = Release|Any CPU
		{62117251-DCC8-4CB3-9B27-43AFBF8C354C}.Release|Any CPU.Build.0 = Release|Any CPU
		{62117251-DCC8-4CB3-9B27-43AFBF8C354C}.Release|x64.ActiveCfg = Release|Any CPU
		{62117251-DCC8-4CB3-9B27-43AFBF8C354C}.Release|x64.Build.0 = Release|Any CPU
		{62117251-DCC8-4CB3-9B27-43AFBF8C354C}.Release|x86.ActiveCfg = Release|Any CPU
		{62117251-DCC8-4CB3-9B27-43AFBF8C354C}.Release|x86.Build.0 = Release|Any CPU
		{815CEA40-F0F8-4D7C-A556-AD19F9257178}.Debug|Any CPU.ActiveCfg = Debug|Any CPU
		{815CEA40-F0F8-4D7C-A556-AD19F9257178}.Debug|Any CPU.Build.0 = Debug|Any CPU
		{815CEA40-F0F8-4D7C-A556-AD19F9257178}.Debug|x64.ActiveCfg = Debug|Any CPU
		{815CEA40-F0F8-4D7C-A556-AD19F9257178}.Debug|x64.Build.0 = Debug|Any CPU
		{815CEA40-F0F8-4D7C-A556-AD19F9257178}.Debug|x86.ActiveCfg = Debug|Any CPU
		{815CEA40-F0F8-4D7C-A556-AD19F9257178}.Debug|x86.Build.0 = Debug|Any CPU
		{815CEA40-F0F8-4D7C-A556-AD19F9257178}.Release|Any CPU.ActiveCfg = Release|Any CPU
		{815CEA40-F0F8-4D7C-A556-AD19F9257178}.Release|Any CPU.Build.0 = Release|Any CPU
		{815CEA40-F0F8-4D7C-A556-AD19F9257178}.Release|x64.ActiveCfg = Release|Any CPU
		{815CEA40-F0F8-4D7C-A556-AD19F9257178}.Release|x64.Build.0 = Release|Any CPU
		{815CEA40-F0F8-4D7C-A556-AD19F9257178}.Release|x86.ActiveCfg = Release|Any CPU
		{815CEA40-F0F8-4D7C-A556-AD19F9257178}.Release|x86.Build.0 = Release|Any CPU
		{DB2F678C-0E02-4E75-943E-B4B935D8798D}.Debug|Any CPU.ActiveCfg = Debug|Any CPU
		{DB2F678C-0E02-4E75-943E-B4B935D8798D}.Debug|Any CPU.Build.0 = Debug|Any CPU
		{DB2F678C-0E02-4E75-943E-B4B935D8798D}.Debug|x64.ActiveCfg = Debug|Any CPU
		{DB2F678C-0E02-4E75-943E-B4B935D8798D}.Debug|x64.Build.0 = Debug|Any CPU
		{DB2F678C-0E02-4E75-943E-B4B935D8798D}.Debug|x86.ActiveCfg = Debug|Any CPU
		{DB2F678C-0E02-4E75-943E-B4B935D8798D}.Debug|x86.Build.0 = Debug|Any CPU
		{DB2F678C-0E02-4E75-943E-B4B935D8798D}.Release|Any CPU.ActiveCfg = Release|Any CPU
		{DB2F678C-0E02-4E75-943E-B4B935D8798D}.Release|Any CPU.Build.0 = Release|Any CPU
		{DB2F678C-0E02-4E75-943E-B4B935D8798D}.Release|x64.ActiveCfg = Release|Any CPU
		{DB2F678C-0E02-4E75-943E-B4B935D8798D}.Release|x64.Build.0 = Release|Any CPU
		{DB2F678C-0E02-4E75-943E-B4B935D8798D}.Release|x86.ActiveCfg = Release|Any CPU
		{DB2F678C-0E02-4E75-943E-B4B935D8798D}.Release|x86.Build.0 = Release|Any CPU
		{A2F48018-AC4E-4DCC-9119-A2290F13620A}.Debug|Any CPU.ActiveCfg = Debug|Any CPU
		{A2F48018-AC4E-4DCC-9119-A2290F13620A}.Debug|Any CPU.Build.0 = Debug|Any CPU
		{A2F48018-AC4E-4DCC-9119-A2290F13620A}.Debug|x64.ActiveCfg = Debug|Any CPU
		{A2F48018-AC4E-4DCC-9119-A2290F13620A}.Debug|x64.Build.0 = Debug|Any CPU
		{A2F48018-AC4E-4DCC-9119-A2290F13620A}.Debug|x86.ActiveCfg = Debug|Any CPU
		{A2F48018-AC4E-4DCC-9119-A2290F13620A}.Debug|x86.Build.0 = Debug|Any CPU
		{A2F48018-AC4E-4DCC-9119-A2290F13620A}.Release|Any CPU.ActiveCfg = Release|Any CPU
		{A2F48018-AC4E-4DCC-9119-A2290F13620A}.Release|Any CPU.Build.0 = Release|Any CPU
		{A2F48018-AC4E-4DCC-9119-A2290F13620A}.Release|x64.ActiveCfg = Release|Any CPU
		{A2F48018-AC4E-4DCC-9119-A2290F13620A}.Release|x64.Build.0 = Release|Any CPU
		{A2F48018-AC4E-4DCC-9119-A2290F13620A}.Release|x86.ActiveCfg = Release|Any CPU
		{A2F48018-AC4E-4DCC-9119-A2290F13620A}.Release|x86.Build.0 = Release|Any CPU
		{3EF1EDB7-D5D5-4925-879A-CCB88615A02F}.Debug|Any CPU.ActiveCfg = Debug|Any CPU
		{3EF1EDB7-D5D5-4925-879A-CCB88615A02F}.Debug|Any CPU.Build.0 = Debug|Any CPU
		{3EF1EDB7-D5D5-4925-879A-CCB88615A02F}.Debug|x64.ActiveCfg = Debug|Any CPU
		{3EF1EDB7-D5D5-4925-879A-CCB88615A02F}.Debug|x64.Build.0 = Debug|Any CPU
		{3EF1EDB7-D5D5-4925-879A-CCB88615A02F}.Debug|x86.ActiveCfg = Debug|Any CPU
		{3EF1EDB7-D5D5-4925-879A-CCB88615A02F}.Debug|x86.Build.0 = Debug|Any CPU
		{3EF1EDB7-D5D5-4925-879A-CCB88615A02F}.Release|Any CPU.ActiveCfg = Release|Any CPU
		{3EF1EDB7-D5D5-4925-879A-CCB88615A02F}.Release|Any CPU.Build.0 = Release|Any CPU
		{3EF1EDB7-D5D5-4925-879A-CCB88615A02F}.Release|x64.ActiveCfg = Release|Any CPU
		{3EF1EDB7-D5D5-4925-879A-CCB88615A02F}.Release|x64.Build.0 = Release|Any CPU
		{3EF1EDB7-D5D5-4925-879A-CCB88615A02F}.Release|x86.ActiveCfg = Release|Any CPU
		{3EF1EDB7-D5D5-4925-879A-CCB88615A02F}.Release|x86.Build.0 = Release|Any CPU
	EndGlobalSection
	GlobalSection(NestedProjects) = preSolution
		{657258B6-B3AF-410C-AA8D-67F952B979F1} = {F8487D06-4A4F-48DE-864C-DC9B20412017}
		{AFCF14B4-CDB7-4DA3-B81B-3ECB1B91E787} = {657258B6-B3AF-410C-AA8D-67F952B979F1}
		{C9314126-E8A1-4C79-9150-BDF6B9C63E78} = {657258B6-B3AF-410C-AA8D-67F952B979F1}
		{D3B4C525-9E61-4F4B-93BB-5023EC065C70} = {F8487D06-4A4F-48DE-864C-DC9B20412017}
		{99C2349B-5A06-4309-824E-53CF3BA76C87} = {D3B4C525-9E61-4F4B-93BB-5023EC065C70}
		{62117251-DCC8-4CB3-9B27-43AFBF8C354C} = {D3B4C525-9E61-4F4B-93BB-5023EC065C70}
		{DC0BEBEF-9AD7-4DF6-860F-11E2141AE2B0} = {F8487D06-4A4F-48DE-864C-DC9B20412017}
		{815CEA40-F0F8-4D7C-A556-AD19F9257178} = {DC0BEBEF-9AD7-4DF6-860F-11E2141AE2B0}
		{DB2F678C-0E02-4E75-943E-B4B935D8798D} = {9110EC99-D0E1-412F-80C0-7D96ECBA9087}
		{A2F48018-AC4E-4DCC-9119-A2290F13620A} = {9110EC99-D0E1-412F-80C0-7D96ECBA9087}
		{3EF1EDB7-D5D5-4925-879A-CCB88615A02F} = {9110EC99-D0E1-412F-80C0-7D96ECBA9087}
	EndGlobalSection
EndGlobal
